// !$*UTF8*$!
{
	archiveVersion = 1;
	classes = {
	};
	objectVersion = 48;
	objects = {

/* Begin PBXBuildFile section */
		4A3CC4F2204646C8009F3CF1 /* AppDelegate.m in Sources */ = {isa = PBXBuildFile; fileRef = 4A3CC4F1204646C8009F3CF1 /* AppDelegate.m */; };
		4A3CC4F5204646C8009F3CF1 /* ViewController.m in Sources */ = {isa = PBXBuildFile; fileRef = 4A3CC4F4204646C8009F3CF1 /* ViewController.m */; };
		4A3CC4F8204646C8009F3CF1 /* Main.storyboard in Resources */ = {isa = PBXBuildFile; fileRef = 4A3CC4F6204646C8009F3CF1 /* Main.storyboard */; };
		4A3CC4FA204646C8009F3CF1 /* Assets.xcassets in Resources */ = {isa = PBXBuildFile; fileRef = 4A3CC4F9204646C8009F3CF1 /* Assets.xcassets */; };
		4A3CC4FD204646C8009F3CF1 /* LaunchScreen.storyboard in Resources */ = {isa = PBXBuildFile; fileRef = 4A3CC4FB204646C8009F3CF1 /* LaunchScreen.storyboard */; };
		4A3CC500204646C8009F3CF1 /* main.m in Sources */ = {isa = PBXBuildFile; fileRef = 4A3CC4FF204646C8009F3CF1 /* main.m */; };
		4A3CC51620464BFE009F3CF1 /* BaseAPIViewController.m in Sources */ = {isa = PBXBuildFile; fileRef = 4A3CC51120464BFE009F3CF1 /* BaseAPIViewController.m */; };
		4A3CC51720464BFE009F3CF1 /* CTPageAPIViewController.m in Sources */ = {isa = PBXBuildFile; fileRef = 4A3CC51420464BFE009F3CF1 /* CTPageAPIViewController.m */; };
		4A3CC51E20464C3A009F3CF1 /* ResultView.m in Sources */ = {isa = PBXBuildFile; fileRef = 4A3CC51A20464C3A009F3CF1 /* ResultView.m */; };
		4A3CC51F20464C3A009F3CF1 /* BLAPIManagerTableViewCell.m in Sources */ = {isa = PBXBuildFile; fileRef = 4A3CC51D20464C3A009F3CF1 /* BLAPIManagerTableViewCell.m */; };
		4A3CC53620465418009F3CF1 /* CTMarvelCharacterByIdAPIManager.m in Sources */ = {isa = PBXBuildFile; fileRef = 4A3CC53020465418009F3CF1 /* CTMarvelCharacterByIdAPIManager.m */; };
		4A3CC53720465418009F3CF1 /* CTMarvelCharactersAPIManager.m in Sources */ = {isa = PBXBuildFile; fileRef = 4A3CC53320465418009F3CF1 /* CTMarvelCharactersAPIManager.m */; };
		4A3CC53D204654D0009F3CF1 /* Target_CTMarvelKey.m in Sources */ = {isa = PBXBuildFile; fileRef = 4A3CC53C204654D0009F3CF1 /* Target_CTMarvelKey.m */; };
		4A3CC540204654E0009F3CF1 /* Target_CTAppContext.m in Sources */ = {isa = PBXBuildFile; fileRef = 4A3CC53F204654E0009F3CF1 /* Target_CTAppContext.m */; };
		4A3CC54320465551009F3CF1 /* Target_CTMarvelService.m in Sources */ = {isa = PBXBuildFile; fileRef = 4A3CC54220465551009F3CF1 /* Target_CTMarvelService.m */; };
		4A3CC5472046563D009F3CF1 /* CTMarvelService.m in Sources */ = {isa = PBXBuildFile; fileRef = 4A3CC5462046563D009F3CF1 /* CTMarvelService.m */; };
		4A3CC54A20465CD1009F3CF1 /* CharacterAPIViewController.m in Sources */ = {isa = PBXBuildFile; fileRef = 4A3CC54920465CD1009F3CF1 /* CharacterAPIViewController.m */; };
		4A3CC54E20465D55009F3CF1 /* CharacterAPIViewController+APIParams.m in Sources */ = {isa = PBXBuildFile; fileRef = 4A3CC54D20465D55009F3CF1 /* CharacterAPIViewController+APIParams.m */; };
		A920CC7CE957ECDC642F301A /* libPods-CTAPI_Marvel.a in Frameworks */ = {isa = PBXBuildFile; fileRef = B0BD973026D37D6C2B6B7439 /* libPods-CTAPI_Marvel.a */; };
/* End PBXBuildFile section */

/* Begin PBXFileReference section */
		1E33244ADBF54AD4758AC0F4 /* Pods-CTAPI_Marvel.debug.xcconfig */ = {isa = PBXFileReference; includeInIndex = 1; lastKnownFileType = text.xcconfig; name = "Pods-CTAPI_Marvel.debug.xcconfig"; path = "Pods/Target Support Files/Pods-CTAPI_Marvel/Pods-CTAPI_Marvel.debug.xcconfig"; sourceTree = "<group>"; };
		4A3CC4ED204646C8009F3CF1 /* CTAPI_Marvel.app */ = {isa = PBXFileReference; explicitFileType = wrapper.application; includeInIndex = 0; path = CTAPI_Marvel.app; sourceTree = BUILT_PRODUCTS_DIR; };
		4A3CC4F0204646C8009F3CF1 /* AppDelegate.h */ = {isa = PBXFileReference; lastKnownFileType = sourcecode.c.h; path = AppDelegate.h; sourceTree = "<group>"; };
		4A3CC4F1204646C8009F3CF1 /* AppDelegate.m */ = {isa = PBXFileReference; lastKnownFileType = sourcecode.c.objc; path = AppDelegate.m; sourceTree = "<group>"; };
		4A3CC4F3204646C8009F3CF1 /* ViewController.h */ = {isa = PBXFileReference; lastKnownFileType = sourcecode.c.h; path = ViewController.h; sourceTree = "<group>"; };
		4A3CC4F4204646C8009F3CF1 /* ViewController.m */ = {isa = PBXFileReference; lastKnownFileType = sourcecode.c.objc; path = ViewController.m; sourceTree = "<group>"; };
		4A3CC4F7204646C8009F3CF1 /* Base */ = {isa = PBXFileReference; lastKnownFileType = file.storyboard; name = Base; path = Base.lproj/Main.storyboard; sourceTree = "<group>"; };
		4A3CC4F9204646C8009F3CF1 /* Assets.xcassets */ = {isa = PBXFileReference; lastKnownFileType = folder.assetcatalog; path = Assets.xcassets; sourceTree = "<group>"; };
		4A3CC4FC204646C8009F3CF1 /* Base */ = {isa = PBXFileReference; lastKnownFileType = file.storyboard; name = Base; path = Base.lproj/LaunchScreen.storyboard; sourceTree = "<group>"; };
		4A3CC4FE204646C8009F3CF1 /* Info.plist */ = {isa = PBXFileReference; lastKnownFileType = text.plist.xml; path = Info.plist; sourceTree = "<group>"; };
		4A3CC4FF204646C8009F3CF1 /* main.m */ = {isa = PBXFileReference; lastKnownFileType = sourcecode.c.objc; path = main.m; sourceTree = "<group>"; };
		4A3CC51120464BFE009F3CF1 /* BaseAPIViewController.m */ = {isa = PBXFileReference; fileEncoding = 4; lastKnownFileType = sourcecode.c.objc; path = BaseAPIViewController.m; sourceTree = "<group>"; };
		4A3CC51220464BFE009F3CF1 /* BaseAPIViewController.h */ = {isa = PBXFileReference; fileEncoding = 4; lastKnownFileType = sourcecode.c.h; path = BaseAPIViewController.h; sourceTree = "<group>"; };
		4A3CC51420464BFE009F3CF1 /* CTPageAPIViewController.m */ = {isa = PBXFileReference; fileEncoding = 4; lastKnownFileType = sourcecode.c.objc; path = CTPageAPIViewController.m; sourceTree = "<group>"; };
		4A3CC51520464BFE009F3CF1 /* CTPageAPIViewController.h */ = {isa = PBXFileReference; fileEncoding = 4; lastKnownFileType = sourcecode.c.h; path = CTPageAPIViewController.h; sourceTree = "<group>"; };
		4A3CC51920464C3A009F3CF1 /* ResultView.h */ = {isa = PBXFileReference; fileEncoding = 4; lastKnownFileType = sourcecode.c.h; path = ResultView.h; sourceTree = "<group>"; };
		4A3CC51A20464C3A009F3CF1 /* ResultView.m */ = {isa = PBXFileReference; fileEncoding = 4; lastKnownFileType = sourcecode.c.objc; path = ResultView.m; sourceTree = "<group>"; };
		4A3CC51C20464C3A009F3CF1 /* BLAPIManagerTableViewCell.h */ = {isa = PBXFileReference; fileEncoding = 4; lastKnownFileType = sourcecode.c.h; path = BLAPIManagerTableViewCell.h; sourceTree = "<group>"; };
		4A3CC51D20464C3A009F3CF1 /* BLAPIManagerTableViewCell.m */ = {isa = PBXFileReference; fileEncoding = 4; lastKnownFileType = sourcecode.c.objc; path = BLAPIManagerTableViewCell.m; sourceTree = "<group>"; };
		4A3CC53020465418009F3CF1 /* CTMarvelCharacterByIdAPIManager.m */ = {isa = PBXFileReference; fileEncoding = 4; lastKnownFileType = sourcecode.c.objc; path = CTMarvelCharacterByIdAPIManager.m; sourceTree = "<group>"; };
		4A3CC53120465418009F3CF1 /* CTMarvelCharacterByIdAPIManager.h */ = {isa = PBXFileReference; fileEncoding = 4; lastKnownFileType = sourcecode.c.h; path = CTMarvelCharacterByIdAPIManager.h; sourceTree = "<group>"; };
		4A3CC53320465418009F3CF1 /* CTMarvelCharactersAPIManager.m */ = {isa = PBXFileReference; fileEncoding = 4; lastKnownFileType = sourcecode.c.objc; path = CTMarvelCharactersAPIManager.m; sourceTree = "<group>"; };
		4A3CC53420465418009F3CF1 /* CTMarvelCharactersAPIManager.h */ = {isa = PBXFileReference; fileEncoding = 4; lastKnownFileType = sourcecode.c.h; path = CTMarvelCharactersAPIManager.h; sourceTree = "<group>"; };
		4A3CC53B204654D0009F3CF1 /* Target_CTMarvelKey.h */ = {isa = PBXFileReference; fileEncoding = 4; lastKnownFileType = sourcecode.c.h; path = Target_CTMarvelKey.h; sourceTree = "<group>"; };
		4A3CC53C204654D0009F3CF1 /* Target_CTMarvelKey.m */ = {isa = PBXFileReference; fileEncoding = 4; lastKnownFileType = sourcecode.c.objc; path = Target_CTMarvelKey.m; sourceTree = "<group>"; };
		4A3CC53E204654E0009F3CF1 /* Target_CTAppContext.h */ = {isa = PBXFileReference; lastKnownFileType = sourcecode.c.h; path = Target_CTAppContext.h; sourceTree = "<group>"; };
		4A3CC53F204654E0009F3CF1 /* Target_CTAppContext.m */ = {isa = PBXFileReference; lastKnownFileType = sourcecode.c.objc; path = Target_CTAppContext.m; sourceTree = "<group>"; };
		4A3CC54120465551009F3CF1 /* Target_CTMarvelService.h */ = {isa = PBXFileReference; lastKnownFileType = sourcecode.c.h; path = Target_CTMarvelService.h; sourceTree = "<group>"; };
		4A3CC54220465551009F3CF1 /* Target_CTMarvelService.m */ = {isa = PBXFileReference; lastKnownFileType = sourcecode.c.objc; path = Target_CTMarvelService.m; sourceTree = "<group>"; };
		4A3CC5452046563D009F3CF1 /* CTMarvelService.h */ = {isa = PBXFileReference; lastKnownFileType = sourcecode.c.h; path = CTMarvelService.h; sourceTree = "<group>"; };
		4A3CC5462046563D009F3CF1 /* CTMarvelService.m */ = {isa = PBXFileReference; lastKnownFileType = sourcecode.c.objc; path = CTMarvelService.m; sourceTree = "<group>"; };
		4A3CC54820465CD1009F3CF1 /* CharacterAPIViewController.h */ = {isa = PBXFileReference; lastKnownFileType = sourcecode.c.h; path = CharacterAPIViewController.h; sourceTree = "<group>"; };
		4A3CC54920465CD1009F3CF1 /* CharacterAPIViewController.m */ = {isa = PBXFileReference; lastKnownFileType = sourcecode.c.objc; path = CharacterAPIViewController.m; sourceTree = "<group>"; };
		4A3CC54C20465D55009F3CF1 /* CharacterAPIViewController+APIParams.h */ = {isa = PBXFileReference; lastKnownFileType = sourcecode.c.h; path = "CharacterAPIViewController+APIParams.h"; sourceTree = "<group>"; };
		4A3CC54D20465D55009F3CF1 /* CharacterAPIViewController+APIParams.m */ = {isa = PBXFileReference; lastKnownFileType = sourcecode.c.objc; path = "CharacterAPIViewController+APIParams.m"; sourceTree = "<group>"; };
		50C7D1A614AA4EAD6A530A61 /* Pods-CTAPI_Marvel.release.xcconfig */ = {isa = PBXFileReference; includeInIndex = 1; lastKnownFileType = text.xcconfig; name = "Pods-CTAPI_Marvel.release.xcconfig"; path = "Pods/Target Support Files/Pods-CTAPI_Marvel/Pods-CTAPI_Marvel.release.xcconfig"; sourceTree = "<group>"; };
		B0BD973026D37D6C2B6B7439 /* libPods-CTAPI_Marvel.a */ = {isa = PBXFileReference; explicitFileType = archive.ar; includeInIndex = 0; path = "libPods-CTAPI_Marvel.a"; sourceTree = BUILT_PRODUCTS_DIR; };
/* End PBXFileReference section */

/* Begin PBXFrameworksBuildPhase section */
		4A3CC4EA204646C8009F3CF1 /* Frameworks */ = {
			isa = PBXFrameworksBuildPhase;
			buildActionMask = 2147483647;
			files = (
				A920CC7CE957ECDC642F301A /* libPods-CTAPI_Marvel.a in Frameworks */,
			);
			runOnlyForDeploymentPostprocessing = 0;
		};
/* End PBXFrameworksBuildPhase section */

/* Begin PBXGroup section */
		1002311D484E3762B1772B85 /* Frameworks */ = {
			isa = PBXGroup;
			children = (
				B0BD973026D37D6C2B6B7439 /* libPods-CTAPI_Marvel.a */,
			);
			name = Frameworks;
			sourceTree = "<group>";
		};
		4A3CC4E4204646C8009F3CF1 = {
			isa = PBXGroup;
			children = (
				4A3CC4EF204646C8009F3CF1 /* CTAPI_Marvel */,
				4A3CC4EE204646C8009F3CF1 /* Products */,
				C2221C3585E79F919392FF87 /* Pods */,
				1002311D484E3762B1772B85 /* Frameworks */,
			);
			sourceTree = "<group>";
		};
		4A3CC4EE204646C8009F3CF1 /* Products */ = {
			isa = PBXGroup;
			children = (
				4A3CC4ED204646C8009F3CF1 /* CTAPI_Marvel.app */,
			);
			name = Products;
			sourceTree = "<group>";
		};
		4A3CC4EF204646C8009F3CF1 /* CTAPI_Marvel */ = {
			isa = PBXGroup;
			children = (
				4A3CC50620464A47009F3CF1 /* CTAPI_Marvel */,
				4A3CC4F0204646C8009F3CF1 /* AppDelegate.h */,
				4A3CC4F1204646C8009F3CF1 /* AppDelegate.m */,
				4A3CC4F3204646C8009F3CF1 /* ViewController.h */,
				4A3CC4F4204646C8009F3CF1 /* ViewController.m */,
				4A3CC50720464B78009F3CF1 /* Demo */,
				4A3CC4F6204646C8009F3CF1 /* Main.storyboard */,
				4A3CC4F9204646C8009F3CF1 /* Assets.xcassets */,
				4A3CC4FB204646C8009F3CF1 /* LaunchScreen.storyboard */,
				4A3CC4FE204646C8009F3CF1 /* Info.plist */,
				4A3CC4FF204646C8009F3CF1 /* main.m */,
			);
			path = CTAPI_Marvel;
			sourceTree = "<group>";
		};
		4A3CC50620464A47009F3CF1 /* CTAPI_Marvel */ = {
			isa = PBXGroup;
			children = (
				4A3CC52D20465418009F3CF1 /* APIManagers */,
				4A3CC53520465418009F3CF1 /* Target */,
			);
			path = CTAPI_Marvel;
			sourceTree = "<group>";
		};
		4A3CC50720464B78009F3CF1 /* Demo */ = {
			isa = PBXGroup;
			children = (
				4A3CC538204654D0009F3CF1 /* Target */,
				4A3CC50820464B78009F3CF1 /* APIControllers */,
				4A3CC50F20464B78009F3CF1 /* BaseAPIViewController */,
			);
			path = Demo;
			sourceTree = "<group>";
		};
		4A3CC50820464B78009F3CF1 /* APIControllers */ = {
			isa = PBXGroup;
			children = (
				4A3CC50920464B78009F3CF1 /* Series */,
				4A3CC50A20464B78009F3CF1 /* Comics */,
				4A3CC50B20464B78009F3CF1 /* Stories */,
				4A3CC50C20464B78009F3CF1 /* Creators */,
				4A3CC50D20464B78009F3CF1 /* Events */,
				4A3CC50E20464B78009F3CF1 /* Characters */,
			);
			path = APIControllers;
			sourceTree = "<group>";
		};
		4A3CC50920464B78009F3CF1 /* Series */ = {
			isa = PBXGroup;
			children = (
			);
			path = Series;
			sourceTree = "<group>";
		};
		4A3CC50A20464B78009F3CF1 /* Comics */ = {
			isa = PBXGroup;
			children = (
			);
			path = Comics;
			sourceTree = "<group>";
		};
		4A3CC50B20464B78009F3CF1 /* Stories */ = {
			isa = PBXGroup;
			children = (
			);
			path = Stories;
			sourceTree = "<group>";
		};
		4A3CC50C20464B78009F3CF1 /* Creators */ = {
			isa = PBXGroup;
			children = (
			);
			path = Creators;
			sourceTree = "<group>";
		};
		4A3CC50D20464B78009F3CF1 /* Events */ = {
			isa = PBXGroup;
			children = (
			);
			path = Events;
			sourceTree = "<group>";
		};
		4A3CC50E20464B78009F3CF1 /* Characters */ = {
			isa = PBXGroup;
			children = (
				4A3CC54B20465D3C009F3CF1 /* ParamCategories */,
				4A3CC54820465CD1009F3CF1 /* CharacterAPIViewController.h */,
				4A3CC54920465CD1009F3CF1 /* CharacterAPIViewController.m */,
			);
			path = Characters;
			sourceTree = "<group>";
		};
		4A3CC50F20464B78009F3CF1 /* BaseAPIViewController */ = {
			isa = PBXGroup;
			children = (
				4A3CC51020464BFE009F3CF1 /* BaseAPIViewController */,
				4A3CC51320464BFE009F3CF1 /* CTPageAPIViewController */,
			);
			path = BaseAPIViewController;
			sourceTree = "<group>";
		};
		4A3CC51020464BFE009F3CF1 /* BaseAPIViewController */ = {
			isa = PBXGroup;
			children = (
				4A3CC51B20464C3A009F3CF1 /* BLAPIManagerTableViewCell */,
				4A3CC51820464C3A009F3CF1 /* ResultView */,
				4A3CC51220464BFE009F3CF1 /* BaseAPIViewController.h */,
				4A3CC51120464BFE009F3CF1 /* BaseAPIViewController.m */,
			);
			path = BaseAPIViewController;
			sourceTree = "<group>";
		};
		4A3CC51320464BFE009F3CF1 /* CTPageAPIViewController */ = {
			isa = PBXGroup;
			children = (
				4A3CC51520464BFE009F3CF1 /* CTPageAPIViewController.h */,
				4A3CC51420464BFE009F3CF1 /* CTPageAPIViewController.m */,
			);
			path = CTPageAPIViewController;
			sourceTree = "<group>";
		};
		4A3CC51820464C3A009F3CF1 /* ResultView */ = {
			isa = PBXGroup;
			children = (
				4A3CC51920464C3A009F3CF1 /* ResultView.h */,
				4A3CC51A20464C3A009F3CF1 /* ResultView.m */,
			);
			path = ResultView;
			sourceTree = "<group>";
		};
		4A3CC51B20464C3A009F3CF1 /* BLAPIManagerTableViewCell */ = {
			isa = PBXGroup;
			children = (
				4A3CC51C20464C3A009F3CF1 /* BLAPIManagerTableViewCell.h */,
				4A3CC51D20464C3A009F3CF1 /* BLAPIManagerTableViewCell.m */,
			);
			path = BLAPIManagerTableViewCell;
			sourceTree = "<group>";
		};
		4A3CC52D20465418009F3CF1 /* APIManagers */ = {
			isa = PBXGroup;
			children = (
				4A3CC52E20465418009F3CF1 /* characters */,
			);
			path = APIManagers;
			sourceTree = "<group>";
		};
		4A3CC52E20465418009F3CF1 /* characters */ = {
			isa = PBXGroup;
			children = (
				4A3CC53220465418009F3CF1 /* CTMarvelCharactersAPIManager */,
				4A3CC52F20465418009F3CF1 /* CTMarvelCharacterByIdAPIManager */,
			);
			path = characters;
			sourceTree = "<group>";
		};
		4A3CC52F20465418009F3CF1 /* CTMarvelCharacterByIdAPIManager */ = {
			isa = PBXGroup;
			children = (
				4A3CC53120465418009F3CF1 /* CTMarvelCharacterByIdAPIManager.h */,
				4A3CC53020465418009F3CF1 /* CTMarvelCharacterByIdAPIManager.m */,
			);
			path = CTMarvelCharacterByIdAPIManager;
			sourceTree = "<group>";
		};
		4A3CC53220465418009F3CF1 /* CTMarvelCharactersAPIManager */ = {
			isa = PBXGroup;
			children = (
				4A3CC53420465418009F3CF1 /* CTMarvelCharactersAPIManager.h */,
				4A3CC53320465418009F3CF1 /* CTMarvelCharactersAPIManager.m */,
			);
			path = CTMarvelCharactersAPIManager;
			sourceTree = "<group>";
		};
		4A3CC53520465418009F3CF1 /* Target */ = {
			isa = PBXGroup;
			children = (
				4A3CC5442046562C009F3CF1 /* Service */,
				4A3CC54120465551009F3CF1 /* Target_CTMarvelService.h */,
				4A3CC54220465551009F3CF1 /* Target_CTMarvelService.m */,
			);
			path = Target;
			sourceTree = "<group>";
		};
		4A3CC538204654D0009F3CF1 /* Target */ = {
			isa = PBXGroup;
			children = (
				4A3CC539204654D0009F3CF1 /* CTAppContext */,
				4A3CC53A204654D0009F3CF1 /* Key */,
			);
			path = Target;
			sourceTree = "<group>";
		};
		4A3CC539204654D0009F3CF1 /* CTAppContext */ = {
			isa = PBXGroup;
			children = (
				4A3CC53E204654E0009F3CF1 /* Target_CTAppContext.h */,
				4A3CC53F204654E0009F3CF1 /* Target_CTAppContext.m */,
			);
			path = CTAppContext;
			sourceTree = "<group>";
		};
		4A3CC53A204654D0009F3CF1 /* Key */ = {
			isa = PBXGroup;
			children = (
				4A3CC53B204654D0009F3CF1 /* Target_CTMarvelKey.h */,
				4A3CC53C204654D0009F3CF1 /* Target_CTMarvelKey.m */,
			);
			path = Key;
			sourceTree = "<group>";
		};
		4A3CC5442046562C009F3CF1 /* Service */ = {
			isa = PBXGroup;
			children = (
				4A3CC5452046563D009F3CF1 /* CTMarvelService.h */,
				4A3CC5462046563D009F3CF1 /* CTMarvelService.m */,
			);
			path = Service;
			sourceTree = "<group>";
		};
		4A3CC54B20465D3C009F3CF1 /* ParamCategories */ = {
			isa = PBXGroup;
			children = (
				4A3CC54C20465D55009F3CF1 /* CharacterAPIViewController+APIParams.h */,
				4A3CC54D20465D55009F3CF1 /* CharacterAPIViewController+APIParams.m */,
			);
			path = ParamCategories;
			sourceTree = "<group>";
		};
		C2221C3585E79F919392FF87 /* Pods */ = {
			isa = PBXGroup;
			children = (
				1E33244ADBF54AD4758AC0F4 /* Pods-CTAPI_Marvel.debug.xcconfig */,
				50C7D1A614AA4EAD6A530A61 /* Pods-CTAPI_Marvel.release.xcconfig */,
			);
			name = Pods;
			sourceTree = "<group>";
		};
/* End PBXGroup section */

/* Begin PBXNativeTarget section */
		4A3CC4EC204646C8009F3CF1 /* CTAPI_Marvel */ = {
			isa = PBXNativeTarget;
			buildConfigurationList = 4A3CC503204646C8009F3CF1 /* Build configuration list for PBXNativeTarget "CTAPI_Marvel" */;
			buildPhases = (
				C33B399B0F901EA6A3FD7E9D /* [CP] Check Pods Manifest.lock */,
				4A3CC4E9204646C8009F3CF1 /* Sources */,
				4A3CC4EA204646C8009F3CF1 /* Frameworks */,
				4A3CC4EB204646C8009F3CF1 /* Resources */,
				7E740057F75486521677134F /* [CP] Embed Pods Frameworks */,
				13D9D75A1C9A6BA018AFA87C /* [CP] Copy Pods Resources */,
			);
			buildRules = (
			);
			dependencies = (
			);
			name = CTAPI_Marvel;
			productName = CTAPI_Marvel;
			productReference = 4A3CC4ED204646C8009F3CF1 /* CTAPI_Marvel.app */;
			productType = "com.apple.product-type.application";
		};
/* End PBXNativeTarget section */

/* Begin PBXProject section */
		4A3CC4E5204646C8009F3CF1 /* Project object */ = {
			isa = PBXProject;
			attributes = {
				LastUpgradeCheck = 0920;
				ORGANIZATIONNAME = casa;
				TargetAttributes = {
					4A3CC4EC204646C8009F3CF1 = {
						CreatedOnToolsVersion = 9.2;
						ProvisioningStyle = Automatic;
					};
				};
			};
			buildConfigurationList = 4A3CC4E8204646C8009F3CF1 /* Build configuration list for PBXProject "CTAPI_Marvel" */;
			compatibilityVersion = "Xcode 8.0";
			developmentRegion = en;
			hasScannedForEncodings = 0;
			knownRegions = (
				en,
				Base,
			);
			mainGroup = 4A3CC4E4204646C8009F3CF1;
			productRefGroup = 4A3CC4EE204646C8009F3CF1 /* Products */;
			projectDirPath = "";
			projectRoot = "";
			targets = (
				4A3CC4EC204646C8009F3CF1 /* CTAPI_Marvel */,
			);
		};
/* End PBXProject section */

/* Begin PBXResourcesBuildPhase section */
		4A3CC4EB204646C8009F3CF1 /* Resources */ = {
			isa = PBXResourcesBuildPhase;
			buildActionMask = 2147483647;
			files = (
				4A3CC4FD204646C8009F3CF1 /* LaunchScreen.storyboard in Resources */,
				4A3CC4FA204646C8009F3CF1 /* Assets.xcassets in Resources */,
				4A3CC4F8204646C8009F3CF1 /* Main.storyboard in Resources */,
			);
			runOnlyForDeploymentPostprocessing = 0;
		};
/* End PBXResourcesBuildPhase section */

/* Begin PBXShellScriptBuildPhase section */
		13D9D75A1C9A6BA018AFA87C /* [CP] Copy Pods Resources */ = {
			isa = PBXShellScriptBuildPhase;
			buildActionMask = 2147483647;
			files = (
			);
			inputPaths = (
			);
			name = "[CP] Copy Pods Resources";
			outputPaths = (
			);
			runOnlyForDeploymentPostprocessing = 0;
			shellPath = /bin/sh;
			shellScript = "\"${SRCROOT}/Pods/Target Support Files/Pods-CTAPI_Marvel/Pods-CTAPI_Marvel-resources.sh\"\n";
			showEnvVarsInLog = 0;
		};
		7E740057F75486521677134F /* [CP] Embed Pods Frameworks */ = {
			isa = PBXShellScriptBuildPhase;
			buildActionMask = 2147483647;
			files = (
			);
			inputPaths = (
			);
			name = "[CP] Embed Pods Frameworks";
			outputPaths = (
			);
			runOnlyForDeploymentPostprocessing = 0;
			shellPath = /bin/sh;
			shellScript = "\"${SRCROOT}/Pods/Target Support Files/Pods-CTAPI_Marvel/Pods-CTAPI_Marvel-frameworks.sh\"\n";
			showEnvVarsInLog = 0;
		};
		C33B399B0F901EA6A3FD7E9D /* [CP] Check Pods Manifest.lock */ = {
			isa = PBXShellScriptBuildPhase;
			buildActionMask = 2147483647;
			files = (
			);
			inputPaths = (
				"${PODS_PODFILE_DIR_PATH}/Podfile.lock",
				"${PODS_ROOT}/Manifest.lock",
			);
			name = "[CP] Check Pods Manifest.lock";
			outputPaths = (
				"$(DERIVED_FILE_DIR)/Pods-CTAPI_Marvel-checkManifestLockResult.txt",
			);
			runOnlyForDeploymentPostprocessing = 0;
			shellPath = /bin/sh;
			shellScript = "diff \"${PODS_PODFILE_DIR_PATH}/Podfile.lock\" \"${PODS_ROOT}/Manifest.lock\" > /dev/null\nif [ $? != 0 ] ; then\n    # print error to STDERR\n    echo \"error: The sandbox is not in sync with the Podfile.lock. Run 'pod install' or update your CocoaPods installation.\" >&2\n    exit 1\nfi\n# This output is used by Xcode 'outputs' to avoid re-running this script phase.\necho \"SUCCESS\" > \"${SCRIPT_OUTPUT_FILE_0}\"\n";
			showEnvVarsInLog = 0;
		};
/* End PBXShellScriptBuildPhase section */

/* Begin PBXSourcesBuildPhase section */
		4A3CC4E9204646C8009F3CF1 /* Sources */ = {
			isa = PBXSourcesBuildPhase;
			buildActionMask = 2147483647;
			files = (
				4A3CC53720465418009F3CF1 /* CTMarvelCharactersAPIManager.m in Sources */,
				4A3CC540204654E0009F3CF1 /* Target_CTAppContext.m in Sources */,
				4A3CC54E20465D55009F3CF1 /* CharacterAPIViewController+APIParams.m in Sources */,
				4A3CC4F5204646C8009F3CF1 /* ViewController.m in Sources */,
				4A3CC51720464BFE009F3CF1 /* CTPageAPIViewController.m in Sources */,
				4A3CC54320465551009F3CF1 /* Target_CTMarvelService.m in Sources */,
				4A3CC500204646C8009F3CF1 /* main.m in Sources */,
				4A3CC53620465418009F3CF1 /* CTMarvelCharacterByIdAPIManager.m in Sources */,
				4A3CC51E20464C3A009F3CF1 /* ResultView.m in Sources */,
				4A3CC53D204654D0009F3CF1 /* Target_CTMarvelKey.m in Sources */,
				4A3CC51620464BFE009F3CF1 /* BaseAPIViewController.m in Sources */,
				4A3CC51F20464C3A009F3CF1 /* BLAPIManagerTableViewCell.m in Sources */,
				4A3CC54A20465CD1009F3CF1 /* CharacterAPIViewController.m in Sources */,
				4A3CC5472046563D009F3CF1 /* CTMarvelService.m in Sources */,
				4A3CC4F2204646C8009F3CF1 /* AppDelegate.m in Sources */,
			);
			runOnlyForDeploymentPostprocessing = 0;
		};
/* End PBXSourcesBuildPhase section */

/* Begin PBXVariantGroup section */
		4A3CC4F6204646C8009F3CF1 /* Main.storyboard */ = {
			isa = PBXVariantGroup;
			children = (
				4A3CC4F7204646C8009F3CF1 /* Base */,
			);
			name = Main.storyboard;
			sourceTree = "<group>";
		};
		4A3CC4FB204646C8009F3CF1 /* LaunchScreen.storyboard */ = {
			isa = PBXVariantGroup;
			children = (
				4A3CC4FC204646C8009F3CF1 /* Base */,
			);
			name = LaunchScreen.storyboard;
			sourceTree = "<group>";
		};
/* End PBXVariantGroup section */

/* Begin XCBuildConfiguration section */
		4A3CC501204646C8009F3CF1 /* Debug */ = {
			isa = XCBuildConfiguration;
			buildSettings = {
				ALWAYS_SEARCH_USER_PATHS = NO;
				CLANG_ANALYZER_NONNULL = YES;
				CLANG_ANALYZER_NUMBER_OBJECT_CONVERSION = YES_AGGRESSIVE;
				CLANG_CXX_LANGUAGE_STANDARD = "gnu++14";
				CLANG_CXX_LIBRARY = "libc++";
				CLANG_ENABLE_MODULES = YES;
				CLANG_ENABLE_OBJC_ARC = YES;
				CLANG_WARN_BLOCK_CAPTURE_AUTORELEASING = YES;
				CLANG_WARN_BOOL_CONVERSION = YES;
				CLANG_WARN_COMMA = YES;
				CLANG_WARN_CONSTANT_CONVERSION = YES;
				CLANG_WARN_DIRECT_OBJC_ISA_USAGE = YES_ERROR;
				CLANG_WARN_DOCUMENTATION_COMMENTS = YES;
				CLANG_WARN_EMPTY_BODY = YES;
				CLANG_WARN_ENUM_CONVERSION = YES;
				CLANG_WARN_INFINITE_RECURSION = YES;
				CLANG_WARN_INT_CONVERSION = YES;
				CLANG_WARN_NON_LITERAL_NULL_CONVERSION = YES;
				CLANG_WARN_OBJC_LITERAL_CONVERSION = YES;
				CLANG_WARN_OBJC_ROOT_CLASS = YES_ERROR;
				CLANG_WARN_RANGE_LOOP_ANALYSIS = YES;
				CLANG_WARN_STRICT_PROTOTYPES = YES;
				CLANG_WARN_SUSPICIOUS_MOVE = YES;
				CLANG_WARN_UNGUARDED_AVAILABILITY = YES_AGGRESSIVE;
				CLANG_WARN_UNREACHABLE_CODE = YES;
				CLANG_WARN__DUPLICATE_METHOD_MATCH = YES;
				CODE_SIGN_IDENTITY = "iPhone Developer";
				COPY_PHASE_STRIP = NO;
				DEBUG_INFORMATION_FORMAT = dwarf;
				ENABLE_STRICT_OBJC_MSGSEND = YES;
				ENABLE_TESTABILITY = YES;
				GCC_C_LANGUAGE_STANDARD = gnu11;
				GCC_DYNAMIC_NO_PIC = NO;
				GCC_NO_COMMON_BLOCKS = YES;
				GCC_OPTIMIZATION_LEVEL = 0;
				GCC_PREPROCESSOR_DEFINITIONS = (
					"DEBUG=1",
					"$(inherited)",
				);
				GCC_WARN_64_TO_32_BIT_CONVERSION = YES;
				GCC_WARN_ABOUT_RETURN_TYPE = YES_ERROR;
				GCC_WARN_UNDECLARED_SELECTOR = YES;
				GCC_WARN_UNINITIALIZED_AUTOS = YES_AGGRESSIVE;
				GCC_WARN_UNUSED_FUNCTION = YES;
				GCC_WARN_UNUSED_VARIABLE = YES;
				IPHONEOS_DEPLOYMENT_TARGET = 11.2;
				MTL_ENABLE_DEBUG_INFO = YES;
				ONLY_ACTIVE_ARCH = YES;
				SDKROOT = iphoneos;
			};
			name = Debug;
		};
		4A3CC502204646C8009F3CF1 /* Release */ = {
			isa = XCBuildConfiguration;
			buildSettings = {
				ALWAYS_SEARCH_USER_PATHS = NO;
				CLANG_ANALYZER_NONNULL = YES;
				CLANG_ANALYZER_NUMBER_OBJECT_CONVERSION = YES_AGGRESSIVE;
				CLANG_CXX_LANGUAGE_STANDARD = "gnu++14";
				CLANG_CXX_LIBRARY = "libc++";
				CLANG_ENABLE_MODULES = YES;
				CLANG_ENABLE_OBJC_ARC = YES;
				CLANG_WARN_BLOCK_CAPTURE_AUTORELEASING = YES;
				CLANG_WARN_BOOL_CONVERSION = YES;
				CLANG_WARN_COMMA = YES;
				CLANG_WARN_CONSTANT_CONVERSION = YES;
				CLANG_WARN_DIRECT_OBJC_ISA_USAGE = YES_ERROR;
				CLANG_WARN_DOCUMENTATION_COMMENTS = YES;
				CLANG_WARN_EMPTY_BODY = YES;
				CLANG_WARN_ENUM_CONVERSION = YES;
				CLANG_WARN_INFINITE_RECURSION = YES;
				CLANG_WARN_INT_CONVERSION = YES;
				CLANG_WARN_NON_LITERAL_NULL_CONVERSION = YES;
				CLANG_WARN_OBJC_LITERAL_CONVERSION = YES;
				CLANG_WARN_OBJC_ROOT_CLASS = YES_ERROR;
				CLANG_WARN_RANGE_LOOP_ANALYSIS = YES;
				CLANG_WARN_STRICT_PROTOTYPES = YES;
				CLANG_WARN_SUSPICIOUS_MOVE = YES;
				CLANG_WARN_UNGUARDED_AVAILABILITY = YES_AGGRESSIVE;
				CLANG_WARN_UNREACHABLE_CODE = YES;
				CLANG_WARN__DUPLICATE_METHOD_MATCH = YES;
				CODE_SIGN_IDENTITY = "iPhone Developer";
				COPY_PHASE_STRIP = NO;
				DEBUG_INFORMATION_FORMAT = "dwarf-with-dsym";
				ENABLE_NS_ASSERTIONS = NO;
				ENABLE_STRICT_OBJC_MSGSEND = YES;
				GCC_C_LANGUAGE_STANDARD = gnu11;
				GCC_NO_COMMON_BLOCKS = YES;
				GCC_WARN_64_TO_32_BIT_CONVERSION = YES;
				GCC_WARN_ABOUT_RETURN_TYPE = YES_ERROR;
				GCC_WARN_UNDECLARED_SELECTOR = YES;
				GCC_WARN_UNINITIALIZED_AUTOS = YES_AGGRESSIVE;
				GCC_WARN_UNUSED_FUNCTION = YES;
				GCC_WARN_UNUSED_VARIABLE = YES;
				IPHONEOS_DEPLOYMENT_TARGET = 11.2;
				MTL_ENABLE_DEBUG_INFO = NO;
				SDKROOT = iphoneos;
				VALIDATE_PRODUCT = YES;
			};
			name = Release;
		};
		4A3CC504204646C8009F3CF1 /* Debug */ = {
			isa = XCBuildConfiguration;
			baseConfigurationReference = 1E33244ADBF54AD4758AC0F4 /* Pods-CTAPI_Marvel.debug.xcconfig */;
			buildSettings = {
				ASSETCATALOG_COMPILER_APPICON_NAME = AppIcon;
				CODE_SIGN_STYLE = Automatic;
				INFOPLIST_FILE = CTAPI_Marvel/Info.plist;
				LD_RUNPATH_SEARCH_PATHS = "$(inherited) @executable_path/Frameworks";
				PRODUCT_BUNDLE_IDENTIFIER = "casa.CTAPI-Marvel";
				PRODUCT_NAME = "$(TARGET_NAME)";
				TARGETED_DEVICE_FAMILY = "1,2";
			};
			name = Debug;
		};
		4A3CC505204646C8009F3CF1 /* Release */ = {
			isa = XCBuildConfiguration;
			baseConfigurationReference = 50C7D1A614AA4EAD6A530A61 /* Pods-CTAPI_Marvel.release.xcconfig */;
			buildSettings = {
				ASSETCATALOG_COMPILER_APPICON_NAME = AppIcon;
				CODE_SIGN_STYLE = Automatic;
				INFOPLIST_FILE = CTAPI_Marvel/Info.plist;
				LD_RUNPATH_SEARCH_PATHS = "$(inherited) @executable_path/Frameworks";
				PRODUCT_BUNDLE_IDENTIFIER = "casa.CTAPI-Marvel";
				PRODUCT_NAME = "$(TARGET_NAME)";
				TARGETED_DEVICE_FAMILY = "1,2";
			};
			name = Release;
		};
/* End XCBuildConfiguration section */

/* Begin XCConfigurationList section */
		4A3CC4E8204646C8009F3CF1 /* Build configuration list for PBXProject "CTAPI_Marvel" */ = {
			isa = XCConfigurationList;
			buildConfigurations = (
				4A3CC501204646C8009F3CF1 /* Debug */,
				4A3CC502204646C8009F3CF1 /* Release */,
			);
			defaultConfigurationIsVisible = 0;
			defaultConfigurationName = Release;
		};
		4A3CC503204646C8009F3CF1 /* Build configuration list for PBXNativeTarget "CTAPI_Marvel" */ = {
			isa = XCConfigurationList;
			buildConfigurations = (
				4A3CC504204646C8009F3CF1 /* Debug */,
				4A3CC505204646C8009F3CF1 /* Release */,
			);
			defaultConfigurationIsVisible = 0;
			defaultConfigurationName = Release;
		};
/* End XCConfigurationList section */
	};
	rootObject = 4A3CC4E5204646C8009F3CF1 /* Project object */;
}
